{
    "version": 3,
    "terraform_version": "0.9.6",
    "serial": 12,
    "lineage": "fa61c336-8255-4ce2-a100-bb0510605d5d",
    "modules": [
        {
            "path": [
                "root"
            ],
            "outputs": {},
            "resources": {
                "digitalocean_droplet.demesure.0": {
                    "type": "digitalocean_droplet",
                    "depends_on": [
                        "digitalocean_ssh_key.rene"
                    ],
                    "primary": {
                        "id": "50728484",
                        "attributes": {
                            "disk": "20",
                            "id": "50728484",
                            "image": "ubuntu-16-04-x64",
                            "ipv4_address": "198.199.88.99",
                            "locked": "false",
                            "name": "nyc1",
                            "price_hourly": "0.00744",
                            "price_monthly": "5",
                            "region": "nyc1",
                            "resize_disk": "true",
                            "size": "512mb",
                            "ssh_keys.#": "1",
                            "ssh_keys.0": "9642678",
                            "status": "active",
                            "tags.#": "0",
                            "vcpus": "1"
                        },
                        "meta": {},
                        "tainted": false
                    },
                    "deposed": [],
                    "provider": ""
                },
                "digitalocean_droplet.demesure.1": {
                    "type": "digitalocean_droplet",
                    "depends_on": [
                        "digitalocean_ssh_key.rene"
                    ],
                    "primary": {
                        "id": "50728476",
                        "attributes": {
                            "disk": "20",
                            "id": "50728476",
                            "image": "ubuntu-16-04-x64",
                            "ipv4_address": "162.243.105.79",
                            "locked": "false",
                            "name": "nyc2",
                            "price_hourly": "0.00744",
                            "price_monthly": "5",
                            "region": "nyc2",
                            "resize_disk": "true",
                            "size": "512mb",
                            "ssh_keys.#": "1",
                            "ssh_keys.0": "9642678",
                            "status": "active",
                            "tags.#": "0",
                            "vcpus": "1"
                        },
                        "meta": {},
                        "tainted": false
                    },
                    "deposed": [],
                    "provider": ""
                },
                "digitalocean_droplet.demesure.10": {
                    "type": "digitalocean_droplet",
                    "depends_on": [
                        "digitalocean_ssh_key.rene"
                    ],
                    "primary": {
                        "id": "50728478",
                        "attributes": {
                            "disk": "20",
                            "id": "50728478",
                            "image": "ubuntu-16-04-x64",
                            "ipv4_address": "159.203.22.13",
                            "locked": "false",
                            "name": "tor1",
                            "price_hourly": "0.00744",
                            "price_monthly": "5",
                            "region": "tor1",
                            "resize_disk": "true",
                            "size": "512mb",
                            "ssh_keys.#": "1",
                            "ssh_keys.0": "9642678",
                            "status": "active",
                            "tags.#": "0",
                            "vcpus": "1"
                        },
                        "meta": {},
                        "tainted": false
                    },
                    "deposed": [],
                    "provider": ""
                },
                "digitalocean_droplet.demesure.11": {
                    "type": "digitalocean_droplet",
                    "depends_on": [
                        "digitalocean_ssh_key.rene"
                    ],
                    "primary": {
                        "id": "50728482",
                        "attributes": {
                            "disk": "20",
                            "id": "50728482",
                            "image": "ubuntu-16-04-x64",
                            "ipv4_address": "139.59.59.110",
                            "locked": "false",
                            "name": "blr1",
                            "price_hourly": "0.00744",
                            "price_monthly": "5",
                            "region": "blr1",
                            "resize_disk": "true",
                            "size": "512mb",
                            "ssh_keys.#": "1",
                            "ssh_keys.0": "9642678",
                            "status": "active",
                            "tags.#": "0",
                            "vcpus": "1"
                        },
                        "meta": {},
                        "tainted": false
                    },
                    "deposed": [],
                    "provider": ""
                },
                "digitalocean_droplet.demesure.3": {
                    "type": "digitalocean_droplet",
                    "depends_on": [
                        "digitalocean_ssh_key.rene"
                    ],
                    "primary": {
                        "id": "50728475",
                        "attributes": {
                            "disk": "20",
                            "id": "50728475",
                            "image": "ubuntu-16-04-x64",
                            "ipv4_address": "107.170.202.246",
                            "locked": "false",
                            "name": "sfo1",
                            "price_hourly": "0.00744",
                            "price_monthly": "5",
                            "region": "sfo1",
                            "resize_disk": "true",
                            "size": "512mb",
                            "ssh_keys.#": "1",
                            "ssh_keys.0": "9642678",
                            "status": "active",
                            "tags.#": "0",
                            "vcpus": "1"
                        },
                        "meta": {},
                        "tainted": false
                    },
                    "deposed": [],
                    "provider": ""
                },
                "digitalocean_droplet.demesure.4": {
                    "type": "digitalocean_droplet",
                    "depends_on": [
                        "digitalocean_ssh_key.rene"
                    ],
                    "primary": {
                        "id": "50728483",
                        "attributes": {
                            "disk": "20",
                            "id": "50728483",
                            "image": "ubuntu-16-04-x64",
                            "ipv4_address": "138.68.250.176",
                            "locked": "false",
                            "name": "sfo2",
                            "price_hourly": "0.00744",
                            "price_monthly": "5",
                            "region": "sfo2",
                            "resize_disk": "true",
                            "size": "512mb",
                            "ssh_keys.#": "1",
                            "ssh_keys.0": "9642678",
                            "status": "active",
                            "tags.#": "0",
                            "vcpus": "1"
                        },
                        "meta": {},
                        "tainted": false
                    },
                    "deposed": [],
                    "provider": ""
                },
                "digitalocean_droplet.demesure.6": {
                    "type": "digitalocean_droplet",
                    "depends_on": [
                        "digitalocean_ssh_key.rene"
                    ],
                    "primary": {
                        "id": "50728480",
                        "attributes": {
                            "disk": "20",
                            "id": "50728480",
                            "image": "ubuntu-16-04-x64",
                            "ipv4_address": "95.85.1.74",
                            "locked": "false",
                            "name": "ams2",
                            "price_hourly": "0.00744",
                            "price_monthly": "5",
                            "region": "ams2",
                            "resize_disk": "true",
                            "size": "512mb",
                            "ssh_keys.#": "1",
                            "ssh_keys.0": "9642678",
                            "status": "active",
                            "tags.#": "0",
                            "vcpus": "1"
                        },
                        "meta": {},
                        "tainted": false
                    },
                    "deposed": [],
                    "provider": ""
                },
                "digitalocean_droplet.demesure.7": {
                    "type": "digitalocean_droplet",
                    "depends_on": [
                        "digitalocean_ssh_key.rene"
                    ],
                    "primary": {
                        "id": "50728481",
                        "attributes": {
                            "disk": "20",
                            "id": "50728481",
                            "image": "ubuntu-16-04-x64",
                            "ipv4_address": "128.199.85.219",
                            "locked": "false",
                            "name": "sgp1",
                            "price_hourly": "0.00744",
                            "price_monthly": "5",
                            "region": "sgp1",
                            "resize_disk": "true",
                            "size": "512mb",
                            "ssh_keys.#": "1",
                            "ssh_keys.0": "9642678",
                            "status": "active",
                            "tags.#": "0",
                            "vcpus": "1"
                        },
                        "meta": {},
                        "tainted": false
                    },
                    "deposed": [],
                    "provider": ""
                },
                "digitalocean_droplet.demesure.8": {
                    "type": "digitalocean_droplet",
                    "depends_on": [
                        "digitalocean_ssh_key.rene"
                    ],
                    "primary": {
                        "id": "50728479",
                        "attributes": {
                            "disk": "20",
                            "id": "50728479",
                            "image": "ubuntu-16-04-x64",
                            "ipv4_address": "46.101.63.72",
                            "locked": "false",
                            "name": "lon1",
                            "price_hourly": "0.00744",
                            "price_monthly": "5",
                            "region": "lon1",
                            "resize_disk": "true",
                            "size": "512mb",
                            "ssh_keys.#": "1",
                            "ssh_keys.0": "9642678",
                            "status": "active",
                            "tags.#": "0",
                            "vcpus": "1"
                        },
                        "meta": {},
                        "tainted": false
                    },
                    "deposed": [],
                    "provider": ""
                },
                "digitalocean_droplet.demesure.9": {
                    "type": "digitalocean_droplet",
                    "depends_on": [
                        "digitalocean_ssh_key.rene"
                    ],
                    "primary": {
                        "id": "50728477",
                        "attributes": {
                            "disk": "20",
                            "id": "50728477",
                            "image": "ubuntu-16-04-x64",
                            "ipv4_address": "139.59.128.84",
                            "locked": "false",
                            "name": "fra1",
                            "price_hourly": "0.00744",
                            "price_monthly": "5",
                            "region": "fra1",
                            "resize_disk": "true",
                            "size": "512mb",
                            "ssh_keys.#": "1",
                            "ssh_keys.0": "9642678",
                            "status": "active",
                            "tags.#": "0",
                            "vcpus": "1"
                        },
                        "meta": {},
                        "tainted": false
                    },
                    "deposed": [],
                    "provider": ""
                },
                "digitalocean_ssh_key.rene": {
                    "type": "digitalocean_ssh_key",
                    "depends_on": [],
                    "primary": {
                        "id": "9642678",
                        "attributes": {
                            "fingerprint": "14:76:6c:14:c2:4a:30:ac:3d:74:51:d5:e2:26:ac:64",
                            "id": "9642678",
                            "name": "rene",
                            "public_key": "ssh-ed25519 AAAAC3NzaC1lZDI1NTE5AAAAINZMnMpnL8YtHEaz7jlcscLa6ufspGv9vzNULkvcZIBS colin@rene"
                        },
                        "meta": {},
                        "tainted": false
                    },
                    "deposed": [],
                    "provider": ""
                }
            },
            "depends_on": []
        }
    ]
}
